
Microsoft Visual Studio Solution File, Format Version 12.00
# Visual Studio 14
VisualStudioVersion = 14.0.23107.0
MinimumVisualStudioVersion = 10.0.40219.1
Project("{FAE04EC0-301F-11D3-BF4B-00C04F79EFBC}") = "mvc5", "mvc5\mvc5.csproj", "{D2E58DCA-D592-4F11-BEAA-E9DF2964D8DE}"
EndProject
Project("{FAE04EC0-301F-11D3-BF4B-00C04F79EFBC}") = "mvc5.Tests", "mvc5.Tests\mvc5.Tests.csproj", "{C07136BF-A001-4F4A-813B-AAD98AF73D25}"
EndProject
Global
	GlobalSection(SolutionConfigurationPlatforms) = preSolution
		Debug|Any CPU = Debug|Any CPU
		Release|Any CPU = Release|Any CPU
	EndGlobalSection
	GlobalSection(ProjectConfigurationPlatforms) = postSolution
		{D2E58DCA-D592-4F11-BEAA-E9DF2964D8DE}.Debug|Any CPU.ActiveCfg = Debug|Any CPU
		{D2E58DCA-D592-4F11-BEAA-E9DF2964D8DE}.Debug|Any CPU.Build.0 = Debug|Any CPU
		{D2E58DCA-D592-4F11-BEAA-E9DF2964D8DE}.Release|Any CPU.ActiveCfg = Release|Any CPU
		{D2E58DCA-D592-4F11-BEAA-E9DF2964D8DE}.Release|Any CPU.Build.0 = Release|Any CPU
		{C07136BF-A001-4F4A-813B-AAD98AF73D25}.Debug|Any CPU.ActiveCfg = Debug|Any CPU
		{C07136BF-A001-4F4A-813B-AAD98AF73D25}.Debug|Any CPU.Build.0 = Debug|Any CPU
		{C07136BF-A001-4F4A-813B-AAD98AF73D25}.Release|Any CPU.ActiveCfg = Release|Any CPU
		{C07136BF-A001-4F4A-813B-AAD98AF73D25}.Release|Any CPU.Build.0 = Release|Any CPU
	EndGlobalSection
	GlobalSection(SolutionProperties) = preSolution
		HideSolutionNode = FALSE
	EndGlobalSection
EndGlobal
